
Microsoft Visual Studio Solution File, Format Version 12.00
# Visual Studio Version 16
VisualStudioVersion = 16.0.30011.22
MinimumVisualStudioVersion = 10.0.40219.1
Project("{FAE04EC0-301F-11D3-BF4B-00C04F79EFBC}") = "Pid", "Pid\Pid.csproj", "{755DA063-C685-4C47-9BBE-B2C8ED28A725}"
EndProject
Global
	GlobalSection(SolutionConfigurationPlatforms) = preSolution
		Debug|Any CPU = Debug|Any CPU
		Release|Any CPU = Release|Any CPU
	EndGlobalSection
	GlobalSection(ProjectConfigurationPlatforms) = postSolution
		{755DA063-C685-4C47-9BBE-B2C8ED28A725}.Debug|Any CPU.ActiveCfg = Debug|Any CPU
		{755DA063-C685-4C47-9BBE-B2C8ED28A725}.Debug|Any CPU.Build.0 = Debug|Any CPU
		{755DA063-C685-4C47-9BBE-B2C8ED28A725}.Release|Any CPU.ActiveCfg = Release|Any CPU
		{755DA063-C685-4C47-9BBE-B2C8ED28A725}.Release|Any CPU.Build.0 = Release|Any CPU
	EndGlobalSection
	GlobalSection(SolutionProperties) = preSolution
		HideSolutionNode = FALSE
	EndGlobalSection
	GlobalSection(ExtensibilityGlobals) = postSolution
		SolutionGuid = {6B87A286-5101-46E5-AA38-318903B4D71B}
	EndGlobalSection
EndGlobal
